{
  "name": "mail-relay",
  "version": "0.1.1",
  "lockfileVersion": 1,
  "requires": true,
  "dependencies": {
    "ipv6-normalize": {
      "version": "1.0.1",
      "resolved": "https://registry.npmjs.org/ipv6-normalize/-/ipv6-normalize-1.0.1.tgz",
      "integrity": "sha1-GzJYKQ02X6gyOeiZB93kWS52IKg="
    },
    "nodemailer": {
      "version": "4.1.0",
      "resolved": "https://registry.npmjs.org/nodemailer/-/nodemailer-4.1.0.tgz",
      "integrity": "sha512-pZg74CNQgnC0gZTfH0btXCxjKj7/2v5pea6hmMJ/iKyT48Z81TXZua7c65clwqKIlWfMfYBQG3OkrKxycIdXTw=="
    },
    "smtp-server": {
      "version": "3.1.0",
      "resolved": "https://registry.npmjs.org/smtp-server/-/smtp-server-3.1.0.tgz",
      "integrity": "sha512-tQw8dkB65d5UNg0HotanzQ/A6s+in541z/O5gRl4D+d+MAkO3FuSZQQjBpcas2sAXm30XVy6RZn66v+sNBWNFw==",
      "requires": {
        "ipv6-normalize": "1.0.1",
        "nodemailer": "4.1.0"
      }
    }
  }
}
